
Microsoft Visual Studio Solution File, Format Version 12.00
# Visual Studio Version 16
VisualStudioVersion = 16.0.29306.81
MinimumVisualStudioVersion = 10.0.40219.1
Project("{FAE04EC0-301F-11D3-BF4B-00C04F79EFBC}") = "SIMDoku.WinForms", "SIMDoku.WinForms\SIMDoku.WinForms.csproj", "{9DE772CF-AFB6-46A6-A91C-D8398FEC5F25}"
EndProject
Project("{2150E333-8FDC-42A3-9474-1A3956D46DE8}") = "Solution Items", "Solution Items", "{11B98115-110E-4763-95F2-2793B94987FF}"
	ProjectSection(SolutionItems) = preProject
		explanation.md = explanation.md
		README.md = README.md
	EndProjectSection
EndProject
Project("{9A19103F-16F7-4668-BE54-9A1E7A4F7556}") = "SIMDoku.DataManagement", "SIMDoku.DataAccess\SIMDoku.DataManagement.csproj", "{EBC38310-19DB-49CF-90CD-758581B18979}"
EndProject
Project("{9A19103F-16F7-4668-BE54-9A1E7A4F7556}") = "SIMDoku.Models", "SIMDoku.DataObjects\SIMDoku.Models.csproj", "{C1E57AF6-9502-48FF-A8D1-974A16D25109}"
EndProject
Project("{9A19103F-16F7-4668-BE54-9A1E7A4F7556}") = "SIMDoku.Core", "SIMDoku.Core\SIMDoku.Core.csproj", "{0BC7BA4A-BBEA-4976-BBB5-A5B0F59D3B0D}"
EndProject
Project("{FAE04EC0-301F-11D3-BF4B-00C04F79EFBC}") = "SIMDoku.FileManagement", "SIMDoku.FileManagement\SIMDoku.FileManagement.csproj", "{15495E3F-75CD-4FE6-B8FF-2021AA3CA76C}"
EndProject
Global
	GlobalSection(SolutionConfigurationPlatforms) = preSolution
		Debug|Any CPU = Debug|Any CPU
		Release|Any CPU = Release|Any CPU
	EndGlobalSection
	GlobalSection(ProjectConfigurationPlatforms) = postSolution
		{9DE772CF-AFB6-46A6-A91C-D8398FEC5F25}.Debug|Any CPU.ActiveCfg = Debug|Any CPU
		{9DE772CF-AFB6-46A6-A91C-D8398FEC5F25}.Debug|Any CPU.Build.0 = Debug|Any CPU
		{9DE772CF-AFB6-46A6-A91C-D8398FEC5F25}.Release|Any CPU.ActiveCfg = Release|Any CPU
		{9DE772CF-AFB6-46A6-A91C-D8398FEC5F25}.Release|Any CPU.Build.0 = Release|Any CPU
		{EBC38310-19DB-49CF-90CD-758581B18979}.Debug|Any CPU.ActiveCfg = Debug|Any CPU
		{EBC38310-19DB-49CF-90CD-758581B18979}.Debug|Any CPU.Build.0 = Debug|Any CPU
		{EBC38310-19DB-49CF-90CD-758581B18979}.Release|Any CPU.ActiveCfg = Release|Any CPU
		{EBC38310-19DB-49CF-90CD-758581B18979}.Release|Any CPU.Build.0 = Release|Any CPU
		{C1E57AF6-9502-48FF-A8D1-974A16D25109}.Debug|Any CPU.ActiveCfg = Debug|Any CPU
		{C1E57AF6-9502-48FF-A8D1-974A16D25109}.Debug|Any CPU.Build.0 = Debug|Any CPU
		{C1E57AF6-9502-48FF-A8D1-974A16D25109}.Release|Any CPU.ActiveCfg = Release|Any CPU
		{C1E57AF6-9502-48FF-A8D1-974A16D25109}.Release|Any CPU.Build.0 = Release|Any CPU
		{0BC7BA4A-BBEA-4976-BBB5-A5B0F59D3B0D}.Debug|Any CPU.ActiveCfg = Debug|Any CPU
		{0BC7BA4A-BBEA-4976-BBB5-A5B0F59D3B0D}.Debug|Any CPU.Build.0 = Debug|Any CPU
		{0BC7BA4A-BBEA-4976-BBB5-A5B0F59D3B0D}.Release|Any CPU.ActiveCfg = Release|Any CPU
		{0BC7BA4A-BBEA-4976-BBB5-A5B0F59D3B0D}.Release|Any CPU.Build.0 = Release|Any CPU
		{15495E3F-75CD-4FE6-B8FF-2021AA3CA76C}.Debug|Any CPU.ActiveCfg = Debug|Any CPU
		{15495E3F-75CD-4FE6-B8FF-2021AA3CA76C}.Debug|Any CPU.Build.0 = Debug|Any CPU
		{15495E3F-75CD-4FE6-B8FF-2021AA3CA76C}.Release|Any CPU.ActiveCfg = Release|Any CPU
		{15495E3F-75CD-4FE6-B8FF-2021AA3CA76C}.Release|Any CPU.Build.0 = Release|Any CPU
	EndGlobalSection
	GlobalSection(SolutionProperties) = preSolution
		HideSolutionNode = FALSE
	EndGlobalSection
	GlobalSection(ExtensibilityGlobals) = postSolution
		SolutionGuid = {42C0F511-71FA-45F8-B78E-3B5EB6C4504D}
	EndGlobalSection
EndGlobal
